
Microsoft Visual Studio Solution File, Format Version 12.00
# Visual Studio 14
VisualStudioVersion = 14.0.24720.0
MinimumVisualStudioVersion = 10.0.40219.1
Project("{FAE04EC0-301F-11D3-BF4B-00C04F79EFBC}") = "Console", "Console\Console.csproj", "{BC6E5D15-6D20-4369-A4A8-92EDBF67D977}"
EndProject
Project("{FAE04EC0-301F-11D3-BF4B-00C04F79EFBC}") = "Model", "Model\Model.csproj", "{489EA983-F9A1-431E-8632-050D132D88C5}"
EndProject
Project("{FAE04EC0-301F-11D3-BF4B-00C04F79EFBC}") = "Test", "Test\Test.csproj", "{122BC9F2-365E-45BB-A346-9636F3DEE69D}"
EndProject
Global
	GlobalSection(SolutionConfigurationPlatforms) = preSolution
		Debug|Any CPU = Debug|Any CPU
		Release|Any CPU = Release|Any CPU
	EndGlobalSection
	GlobalSection(ProjectConfigurationPlatforms) = postSolution
		{BC6E5D15-6D20-4369-A4A8-92EDBF67D977}.Debug|Any CPU.ActiveCfg = Debug|Any CPU
		{BC6E5D15-6D20-4369-A4A8-92EDBF67D977}.Debug|Any CPU.Build.0 = Debug|Any CPU
		{BC6E5D15-6D20-4369-A4A8-92EDBF67D977}.Release|Any CPU.ActiveCfg = Release|Any CPU
		{BC6E5D15-6D20-4369-A4A8-92EDBF67D977}.Release|Any CPU.Build.0 = Release|Any CPU
		{489EA983-F9A1-431E-8632-050D132D88C5}.Debug|Any CPU.ActiveCfg = Debug|Any CPU
		{489EA983-F9A1-431E-8632-050D132D88C5}.Debug|Any CPU.Build.0 = Debug|Any CPU
		{489EA983-F9A1-431E-8632-050D132D88C5}.Release|Any CPU.ActiveCfg = Release|Any CPU
		{489EA983-F9A1-431E-8632-050D132D88C5}.Release|Any CPU.Build.0 = Release|Any CPU
		{122BC9F2-365E-45BB-A346-9636F3DEE69D}.Debug|Any CPU.ActiveCfg = Debug|Any CPU
		{122BC9F2-365E-45BB-A346-9636F3DEE69D}.Debug|Any CPU.Build.0 = Debug|Any CPU
		{122BC9F2-365E-45BB-A346-9636F3DEE69D}.Release|Any CPU.ActiveCfg = Release|Any CPU
		{122BC9F2-365E-45BB-A346-9636F3DEE69D}.Release|Any CPU.Build.0 = Release|Any CPU
	EndGlobalSection
	GlobalSection(SolutionProperties) = preSolution
		HideSolutionNode = FALSE
	EndGlobalSection
EndGlobal
